atomicwrites==1.2.1
attrs==18.2.0
bzr==2.8.0.dev1
configobj==5.0.6
funcsigs==1.0.2
GeoAlchemy2==0.5.0
lazy-property==0.0.1
mercurial==4.0
more-itertools==5.0.0
pathlib2==2.3.3
pluggy==0.8.0
psycopg2==2.7.5
py==1.7.0
pytest==4.0.2
scandir==1.9.0
simple-settings==0.13.0
six==1.10.0
SQLAlchemy==1.2.15
