appdirs==1.4.3
bzr==2.7.0.dev1
chardet==2.3.0
colorama==0.3.2
configobj==5.0.6
GeoAlchemy2==0.4.0
html5lib==0.999
lazy-property==0.0.1
mercurial==3.1.2
packaging==16.8
psycopg2==2.5.4
py==1.4.33
pyparsing==2.2.0
pytest==3.0.7
requests==2.4.3
simple-settings==0.12.0
six==1.10.0
SQLAlchemy==1.1.6
urllib3==1.9.1
